<?xml version="1.0" encoding="utf-8"?>
<Project ToolsVersion="4.0" xmlns="http://schemas.microsoft.com/developer/msbuild/2003">
  <ItemGroup>
    <Filter Include="Source Files">
      <UniqueIdentifier>{4FC737F1-C7A5-4376-A066-2A32D752A2FF}</UniqueIdentifier>
      <Extensions>cpp;c;cc;cxx;def;odl;idl;hpj;bat;asm;asmx</Extensions>
    </Filter>
    <Filter Include="Header Files">
      <UniqueIdentifier>{93995380-89BD-4b04-88EB-625FBE52EBFB}</UniqueIdentifier>
      <Extensions>h;hpp;hxx;hm;inl;inc;xsd</Extensions>
    </Filter>
    <Filter Include="Resource Files">
      <UniqueIdentifier>{67DA6AB6-F800-4c08-8B7A-83BB121AAD01}</UniqueIdentifier>
      <Extensions>rc;ico;cur;bmp;dlg;rc2;rct;bin;rgs;gif;jpg;jpeg;jpe;resx;tiff;tif;png;wav;mfcribbon-ms</Extensions>
    </Filter>
    <Filter Include="Shaders">
      <UniqueIdentifier>{fc7762ab-2185-4bab-84ce-481bab274b78}</UniqueIdentifier>
    </Filter>
  </ItemGroup>
  <ItemGroup>
    <ClCompile Include="CloudFactory.cpp">
      <Filter>Source Files</Filter>
    </ClCompile>
    <ClCompile Include="ModelManager.cpp">
      <Filter>Source Files</Filter>
    </ClCompile>
    <ClCompile Include="Curves.cpp">
      <Filter>Source Files</Filter>
    </ClCompile>
    <ClCompile Include="Loader.cpp">
      <Filter>Source Files</Filter>
    </ClCompile>
    <ClCompile Include="Lantern.cpp">
      <Filter>Source Files</Filter>
    </ClCompile>
  </ItemGroup>
  <ItemGroup>
    <ClInclude Include="Consts.h">
      <Filter>Header Files</Filter>
    </ClInclude>
    <ClInclude Include="ModelManager.h">
      <Filter>Header Files</Filter>
    </ClInclude>
    <ClInclude Include="CloudFactory.h">
      <Filter>Header Files</Filter>
    </ClInclude>
    <ClInclude Include="Structures.h">
      <Filter>Header Files</Filter>
    </ClInclude>
    <ClInclude Include="Curves.h">
      <Filter>Header Files</Filter>
    </ClInclude>
    <ClInclude Include="data.h">
      <Filter>Header Files</Filter>
    </ClInclude>
    <ClInclude Include="Loader.h">
      <Filter>Header Files</Filter>
    </ClInclude>
    <ClInclude Include="Lantern.h">
      <Filter>Header Files</Filter>
    </ClInclude>
  </ItemGroup>
  <ItemGroup>
    <None Include="Basic.vert">
      <Filter>Shaders</Filter>
    </None>
    <None Include="Basic.frag">
      <Filter>Shaders</Filter>
    </None>
    <None Include="Skybox.frag">
      <Filter>Shaders</Filter>
    </None>
    <None Include="Skybox.vert">
      <Filter>Shaders</Filter>
    </None>
    <None Include="Shading.frag">
      <Filter>Shaders</Filter>
    </None>
    <None Include="ShadingSkybox.frag">
      <Filter>Shaders</Filter>
    </None>
    <None Include="Shading2.frag">
      <Filter>Shaders</Filter>
    </None>
    <None Include="Clouds.vert">
      <Filter>Shaders</Filter>
    </None>
    <None Include="Clouds.frag">
      <Filter>Shaders</Filter>
    </None>
    <None Include="Stars.frag">
      <Filter>Shaders</Filter>
    </None>
    <None Include="Stars.vert">
      <Filter>Shaders</Filter>
    </None>
    <None Include="Shading.vert">
      <Filter>Shaders</Filter>
    </None>
    <None Include="ShadingSkybox.vert">
      <Filter>Shaders</Filter>
    </None>
  </ItemGroup>
  <ItemGroup>
    <Text Include="Config.txt">
      <Filter>Resource Files</Filter>
    </Text>
    <Text Include="models\lantern\LanternMat.txt">
      <Filter>Resource Files</Filter>
    </Text>
  </ItemGroup>
</Project>